
Microsoft Visual Studio Solution File, Format Version 12.00
Project("{FAE04EC0-301F-11D3-BF4B-00C04F79EFBC}") = "MindWork AI Studio", "MindWork AI Studio\MindWork AI Studio.csproj", "{059FDFCC-7D0B-474E-9F20-B9C437DF1CDD}"
EndProject
Project("{FAE04EC0-301F-11D3-BF4B-00C04F79EFBC}") = "MudBlazor.Markdown", "..\MudBlazor.Markdown\MudBlazor.Markdown.csproj", "{9402C391-AFEE-431B-BDD4-107890772036}"
EndProject
Global
	GlobalSection(SolutionConfigurationPlatforms) = preSolution
		Debug|Any CPU = Debug|Any CPU
		Release|Any CPU = Release|Any CPU
	EndGlobalSection
	GlobalSection(ProjectConfigurationPlatforms) = postSolution
		{059FDFCC-7D0B-474E-9F20-B9C437DF1CDD}.Debug|Any CPU.ActiveCfg = Debug|Any CPU
		{059FDFCC-7D0B-474E-9F20-B9C437DF1CDD}.Debug|Any CPU.Build.0 = Debug|Any CPU
		{059FDFCC-7D0B-474E-9F20-B9C437DF1CDD}.Release|Any CPU.ActiveCfg = Release|Any CPU
		{059FDFCC-7D0B-474E-9F20-B9C437DF1CDD}.Release|Any CPU.Build.0 = Release|Any CPU
		{9402C391-AFEE-431B-BDD4-107890772036}.Debug|Any CPU.ActiveCfg = Debug|Any CPU
		{9402C391-AFEE-431B-BDD4-107890772036}.Debug|Any CPU.Build.0 = Debug|Any CPU
		{9402C391-AFEE-431B-BDD4-107890772036}.Release|Any CPU.ActiveCfg = Release|Any CPU
		{9402C391-AFEE-431B-BDD4-107890772036}.Release|Any CPU.Build.0 = Release|Any CPU
	EndGlobalSection
EndGlobal
