{
  "version": 1,
  "dependencies": {
    "net9.0": {
      "CodeBeam.MudBlazor.Extensions": {
        "type": "Direct",
        "requested": "[8.3.0, )",
        "resolved": "8.3.0",
        "contentHash": "kp42Wmz4UroTbrpb5Ak8U/VYbdxg+35W8gg4Q4SOQMV1GgSWRHfoDf0gXVEEW9Lsx3/wZgzxvGwcs3brhQbZQg==",
        "dependencies": {
          "BuildBundlerMinifier": "3.2.449",
          "Microsoft.AspNetCore.Components": "9.0.11",
          "Microsoft.AspNetCore.Components.Web": "9.0.11",
          "MudBlazor": "8.0.0"
        }
      },
      "HtmlAgilityPack": {
        "type": "Direct",
        "requested": "[1.12.4, )",
        "resolved": "1.12.4",
        "contentHash": "ljqvBabvFwKoLniuoQKO8b5bJfJweKLs4fUNS/V5dsvpo0A8MlJqxxn9XVmP2DaskbUXty6IYaWAi1SArGIMeQ=="
      },
      "LuaCSharp": {
        "type": "Direct",
        "requested": "[0.5.6, )",
        "resolved": "0.5.6",
        "contentHash": "ncwP3iXeonYM7bILBjsPPIk12mfvCO4tBFnrt9bjnKEZ8Ugdp+MlKskRUGEbo/WHGKU2dRlhxEyuN17L2PHYfg==",
        "dependencies": {
          "LuaCSharp.Annotations": "0.5.6",
          "LuaCSharp.SourceGenerator": "0.5.6"
        }
      },
      "Microsoft.Data.Sqlite.Core": {
        "type": "Direct",
        "requested": "[9.0.19, )",
        "resolved": "9.0.19",
        "contentHash": "Gja5rRIseFecLqPX9QjmZV5sHL8+wFv3jBHDq7rFCqpjKPFrBN3O/8wp1Hjb9cfSwLR2xpa+O7x0/yUrX/xGDQ==",
        "dependencies": {
          "SQLitePCLRaw.core": "2.1.12"
        }
      },
      "Microsoft.EntityFrameworkCore.Sqlite": {
        "type": "Direct",
        "requested": "[9.0.19, )",
        "resolved": "9.0.19",
        "contentHash": "Icxd0qGY5B9biPEgcsM45KyFrK3xlutOzuR6Fw4/Q+dcEU4JJiyaHBclwf01nxqflFfY8od1TtCov6ES00JINw==",
        "dependencies": {
          "Microsoft.EntityFrameworkCore.Sqlite.Core": "9.0.19",
          "Microsoft.Extensions.Caching.Memory": "9.0.19",
          "Microsoft.Extensions.Configuration.Abstractions": "9.0.19",
          "Microsoft.Extensions.DependencyModel": "9.0.19",
          "Microsoft.Extensions.Logging": "9.0.19",
          "SQLitePCLRaw.bundle_e_sqlite3": "2.1.12",
          "SQLitePCLRaw.core": "2.1.12",
          "System.Text.Json": "9.0.19"
        }
      },
      "Microsoft.Extensions.FileProviders.Embedded": {
        "type": "Direct",
        "requested": "[9.0.19, )",
        "resolved": "9.0.19",
        "contentHash": "Q8pv8Md+VH64ZJM2d3nbLLChTZK7WOq+5Ykp6GpDe11cDSCSYhEiHbw69CigoAT5VYJPNxriZMpPL7dY8UW93Q==",
        "dependencies": {
          "Microsoft.Extensions.FileProviders.Abstractions": "9.0.19"
        }
      },
      "Microsoft.NET.ILLink.Tasks": {
        "type": "Direct",
        "requested": "[9.0.19, )",
        "resolved": "9.0.19",
        "contentHash": "I9GkKrCVjzxGU1hsKSurOW6P/ABPPHARfc/MTnzIgDb8YjJ/votxKN2z7K+J3DvlQXGH0O7KqdtBseRj8j7eNQ=="
      },
      "MudBlazor": {
        "type": "Direct",
        "requested": "[8.15.0, )",
        "resolved": "8.15.0",
        "contentHash": "iOJEnQ6tYGQPfPJaUazyC8H6pcczgaMX7vhUzrJPpB0WqEXNozwMfSzoOe2/JZmVWJcUfYZgKBeBU2Z27XY7Sw==",
        "dependencies": {
          "Microsoft.AspNetCore.Components": "9.0.1",
          "Microsoft.AspNetCore.Components.Web": "9.0.1",
          "Microsoft.Extensions.Localization": "9.0.1"
        }
      },
      "MudBlazor.Markdown": {
        "type": "Direct",
        "requested": "[8.11.0, )",
        "resolved": "8.11.0",
        "contentHash": "R36jtzjltldsSB5qbTuEHeHiZgSLJlcPoVp9vMByig0E96Y4uf2MY9lEBjbBSr/B9Lqt9qt6EzTCb9Wd2AN56Q==",
        "dependencies": {
          "Markdig": "0.41.3",
          "MudBlazor": "8.11.0"
        }
      },
      "ReverseMarkdown": {
        "type": "Direct",
        "requested": "[5.0.0, )",
        "resolved": "5.0.0",
        "contentHash": "Zw7ODMO/P8b4ua9qFdsmZPkPmYGCcSfwhKo8+81PCS0e6P21c9sOlYwVJ3MCEWZAGW+CXJBdF3FKtXKWZWzFTg==",
        "dependencies": {
          "HtmlAgilityPack": "1.12.4"
        }
      },
      "SQLitePCLRaw.bundle_e_sqlite3": {
        "type": "Direct",
        "requested": "[3.0.5, )",
        "resolved": "3.0.5",
        "contentHash": "SW8iASIyWMrLzqabUHYQRvALhvD4ylSBsj4PgEVGwc36kQjc9xT5kSV/XQ9rU7nIpBWD+LPyX3Hlw5FzyUzGeQ==",
        "dependencies": {
          "SQLite": "3.53.4",
          "SQLitePCLRaw.config.e_sqlite3": "3.0.5"
        }
      },
      "BuildBundlerMinifier": {
        "type": "Transitive",
        "resolved": "3.2.449",
        "contentHash": "uA9sYDy4VepL3xwzBTLcP2LyuVYMt0ZIT3gaSiXvGoX15Ob+rOP+hGydhevlSVd+rFo+Y+VQFEHDuWU8HBW+XA=="
      },
      "LuaCSharp.Annotations": {
        "type": "Transitive",
        "resolved": "0.5.6",
        "contentHash": "tb8JLViDSSHpmMmBpxqbr+y+4Dpu6v5p3in7RlAUIi+YD7CMi7BEEI7fTc6o5lzoJxSMbIdzzGzjzXXMF6aaSg=="
      },
      "LuaCSharp.SourceGenerator": {
        "type": "Transitive",
        "resolved": "0.5.6",
        "contentHash": "IJLlWaIYdpvZ5zO20DidDusqMl5pnoHzrmNmB7UnWMWqOfz1t8LeGfDH8kFTDpGcveFE8YUNeEUa4j6SmWGUPg=="
      },
      "Markdig": {
        "type": "Transitive",
        "resolved": "0.41.3",
        "contentHash": "i3vSTyGpBGWbJB04aJ3cPJs0T3BV2e1nduW3EUHK/i+xUupYbym75iZPss/XjqhS5JlBErwQYnx7ofK3Zcsozg=="
      },
      "Microsoft.AspNetCore.Authorization": {
        "type": "Transitive",
        "resolved": "9.0.11",
        "contentHash": "VtzQJnpvemh+n4jjMJR+XWiupCWu+Em822orJIFF9jXRfrJET1fBTo6yWqNFnQQKqtvQ3E4Vrjq0N/bHdZR25w==",
        "dependencies": {
          "Microsoft.AspNetCore.Metadata": "9.0.11",
          "Microsoft.Extensions.Logging.Abstractions": "9.0.11",
          "Microsoft.Extensions.Options": "9.0.11"
        }
      },
      "Microsoft.AspNetCore.Components": {
        "type": "Transitive",
        "resolved": "9.0.11",
        "contentHash": "HIMOsBnuhcTNWBnCyugRHVgrh4iYfIM2Hl+8+8SQ6wrEIk+I2fUKa8USwV8XaMvZsjyJD7fPHaldAPoR9BNAVA==",
        "dependencies": {
          "Microsoft.AspNetCore.Authorization": "9.0.11",
          "Microsoft.AspNetCore.Components.Analyzers": "9.0.11"
        }
      },
      "Microsoft.AspNetCore.Components.Analyzers": {
        "type": "Transitive",
        "resolved": "9.0.11",
        "contentHash": "7345cqEUev15rfdBeoBmYtUFrdHyYP/FVUbva3Q66eFTT0UuaykqWPtHmnv8R8GJZ9xntMxKhmqhySZTnth7sQ=="
      },
      "Microsoft.AspNetCore.Components.Forms": {
        "type": "Transitive",
        "resolved": "9.0.11",
        "contentHash": "emoJb7TUrOy27stNXcXv+WsyItn0Qhe4gMcZHtfIfcnErRjN2YOotCAKWezBeKvYWqaV28qsDpjxvjjcANxZGw==",
        "dependencies": {
          "Microsoft.AspNetCore.Components": "9.0.11"
        }
      },
      "Microsoft.AspNetCore.Components.Web": {
        "type": "Transitive",
        "resolved": "9.0.11",
        "contentHash": "wU9oVKqHfP4euIpRiRHLVkmhjFXctOvRDHOMUdBRnUErUua+fE6KsIRuBvUKla6tIql9sS58wbETZnjZpnX0lw==",
        "dependencies": {
          "Microsoft.AspNetCore.Components": "9.0.11",
          "Microsoft.AspNetCore.Components.Forms": "9.0.11",
          "Microsoft.Extensions.DependencyInjection": "9.0.11",
          "Microsoft.Extensions.Primitives": "9.0.11",
          "Microsoft.JSInterop": "9.0.11"
        }
      },
      "Microsoft.AspNetCore.Metadata": {
        "type": "Transitive",
        "resolved": "9.0.11",
        "contentHash": "O0HzG5utNH6ihO632k0nHFZa8iNDmGphdgWWqeDSdN/T9n0ZOXlA5+q77DxY3nHTjNfA0KMfpykIhEI+Wmzosg=="
      },
      "Microsoft.EntityFrameworkCore": {
        "type": "Transitive",
        "resolved": "9.0.19",
        "contentHash": "qWqqxrfEDfi3C/z0S/ACIA2gUnreRPHX74WE/dVnesbztNesYO4NLy76lE6FV/zDP4vH/pkvDr8h3Mq9+cFv/w==",
        "dependencies": {
          "Microsoft.EntityFrameworkCore.Abstractions": "9.0.19",
          "Microsoft.EntityFrameworkCore.Analyzers": "9.0.19",
          "Microsoft.Extensions.Caching.Memory": "9.0.19",
          "Microsoft.Extensions.Logging": "9.0.19"
        }
      },
      "Microsoft.EntityFrameworkCore.Abstractions": {
        "type": "Transitive",
        "resolved": "9.0.19",
        "contentHash": "igPnmVL3DU2ZH/4DNeQqWttNrQpwwg0q6MWj5peZxtl0QVMDSeFtnt2yhhdSffklZKYsAFko1sh/va3z4y7S6A=="
      },
      "Microsoft.EntityFrameworkCore.Analyzers": {
        "type": "Transitive",
        "resolved": "9.0.19",
        "contentHash": "yI5dQuvigJ6ICQECOlJDtrsUYcuDryv3qsZK1i6ZA/IzMzZ/VPkDzjE4r2LivuyVSGnkDRkH2cp4LmrhXARRKw=="
      },
      "Microsoft.EntityFrameworkCore.Relational": {
        "type": "Transitive",
        "resolved": "9.0.19",
        "contentHash": "KAfYGG4LWRNn1G/vMRydxgOjuZoWUvdd5raUcIia/HPg1jUjlQzS386nUx5gt3YfKxpFJaCGxdsQ1nCZWuYR8A==",
        "dependencies": {
          "Microsoft.EntityFrameworkCore": "9.0.19",
          "Microsoft.Extensions.Caching.Memory": "9.0.19",
          "Microsoft.Extensions.Configuration.Abstractions": "9.0.19",
          "Microsoft.Extensions.Logging": "9.0.19"
        }
      },
      "Microsoft.EntityFrameworkCore.Sqlite.Core": {
        "type": "Transitive",
        "resolved": "9.0.19",
        "contentHash": "yguHtfJ00c6yx8cP6s7bkNOYBXg4xOq8mnlv0k9JHJe0wUTKUtZ5nULr9MndVrd8uGEhHpOot43v8rZKhC9mfw==",
        "dependencies": {
          "Microsoft.Data.Sqlite.Core": "9.0.19",
          "Microsoft.EntityFrameworkCore.Relational": "9.0.19",
          "Microsoft.Extensions.Caching.Memory": "9.0.19",
          "Microsoft.Extensions.Configuration.Abstractions": "9.0.19",
          "Microsoft.Extensions.DependencyModel": "9.0.19",
          "Microsoft.Extensions.Logging": "9.0.19",
          "SQLitePCLRaw.core": "2.1.12",
          "System.Text.Json": "9.0.19"
        }
      },
      "Microsoft.Extensions.Caching.Abstractions": {
        "type": "Transitive",
        "resolved": "9.0.19",
        "contentHash": "qe/6m6wxRG+N5xTf4Z3lDBAiVu6oBCUyADJ5OzlFgukD9Vg/6zB3MNnNEFA7amZg8hjcS6F4OZBRmB07A+gmHQ==",
        "dependencies": {
          "Microsoft.Extensions.Primitives": "9.0.19"
        }
      },
      "Microsoft.Extensions.Caching.Memory": {
        "type": "Transitive",
        "resolved": "9.0.19",
        "contentHash": "Y0w5LkBqWkDh5vYTKM+QKlzxpqegEtP86oDhFMXgx4tDkWL2t+rl4h2vxBHkvBtM/gM6PoLK9QCrnoclXtHtVQ==",
        "dependencies": {
          "Microsoft.Extensions.Caching.Abstractions": "9.0.19",
          "Microsoft.Extensions.DependencyInjection.Abstractions": "9.0.19",
          "Microsoft.Extensions.Logging.Abstractions": "9.0.19",
          "Microsoft.Extensions.Options": "9.0.19",
          "Microsoft.Extensions.Primitives": "9.0.19"
        }
      },
      "Microsoft.Extensions.Configuration.Abstractions": {
        "type": "Transitive",
        "resolved": "9.0.19",
        "contentHash": "M6h5lX6QWSSn7FDeRUHePZen/xvxPsuhcX1VpBfefafqavn2BnfxheR7BH5D5AIZGM7Nah0xJKnq2DublD4doQ==",
        "dependencies": {
          "Microsoft.Extensions.Primitives": "9.0.19"
        }
      },
      "Microsoft.Extensions.DependencyInjection": {
        "type": "Transitive",
        "resolved": "9.0.19",
        "contentHash": "o/XFYSiV4a7eiCkf7W1GFAviVhHQAPY5bHrQRsNWAPT3GhJ3Af63vcFQjHivIrTNZITlPPaGWhBy7jykKYYyaQ==",
        "dependencies": {
          "Microsoft.Extensions.DependencyInjection.Abstractions": "9.0.19"
        }
      },
      "Microsoft.Extensions.DependencyInjection.Abstractions": {
        "type": "Transitive",
        "resolved": "9.0.19",
        "contentHash": "XgQ0aVWClYjYSBqbYrKC/xyZ1KHf+VVwNF3+d54jcaqnst30Q//ugs/FJwUztLZiph0gp85g7i/eB0556twO0Q=="
      },
      "Microsoft.Extensions.DependencyModel": {
        "type": "Transitive",
        "resolved": "9.0.19",
        "contentHash": "Jpe5up2VLMkjKavOXZzWRXBvy8SUPoFCRuVkq1wYrtVwtzuFEc7saw02dltASs5T8DXp6Ff/DPzmU95mDOiw6g=="
      },
      "Microsoft.Extensions.FileProviders.Abstractions": {
        "type": "Transitive",
        "resolved": "9.0.19",
        "contentHash": "raArfuC+4kERkNxWrlCXO7H+QAk5yUtmNxiymr+ItP5HKQfMjLhQ68zdajqmd5kgwIIUiMpPGIhUpf7t9+cC0w==",
        "dependencies": {
          "Microsoft.Extensions.Primitives": "9.0.19"
        }
      },
      "Microsoft.Extensions.Localization": {
        "type": "Transitive",
        "resolved": "9.0.1",
        "contentHash": "UgvX4Yb2T3tEsKT30ktZr0H7kTRPapCgEH0bdTwxiEGSdA39/hAQMvvb+vgHpqmevDU5+puyI9ujRkmmbF946w==",
        "dependencies": {
          "Microsoft.Extensions.DependencyInjection.Abstractions": "9.0.1",
          "Microsoft.Extensions.Localization.Abstractions": "9.0.1",
          "Microsoft.Extensions.Logging.Abstractions": "9.0.1",
          "Microsoft.Extensions.Options": "9.0.1"
        }
      },
      "Microsoft.Extensions.Localization.Abstractions": {
        "type": "Transitive",
        "resolved": "9.0.1",
        "contentHash": "CABog43lyaZQMjmlktuImCy6zmAzRBaXqN81uPaMQjlp//ISDVYItZPh6KWpWRF4MY/B67X5oDc3JTUpfdocZw=="
      },
      "Microsoft.Extensions.Logging": {
        "type": "Transitive",
        "resolved": "9.0.19",
        "contentHash": "3cnWzJ/FLEhLiW+TJTWtTjVj6fwlsP8OrbJqgOP4J9feAKjmT77vmClakHlej+jnzBgpnVU0+SZwtEIOr+KS6A==",
        "dependencies": {
          "Microsoft.Extensions.DependencyInjection": "9.0.19",
          "Microsoft.Extensions.Logging.Abstractions": "9.0.19",
          "Microsoft.Extensions.Options": "9.0.19"
        }
      },
      "Microsoft.Extensions.Logging.Abstractions": {
        "type": "Transitive",
        "resolved": "9.0.19",
        "contentHash": "RpqMVoZ+NECJxLOZRjWOfjST0mULs4wb848mxG/CS9SMkVL6yi1sSIda4dGcsB01J2jUFd8hNwsaYl1gplU+Cw==",
        "dependencies": {
          "Microsoft.Extensions.DependencyInjection.Abstractions": "9.0.19"
        }
      },
      "Microsoft.Extensions.Options": {
        "type": "Transitive",
        "resolved": "9.0.19",
        "contentHash": "FdPZy4kUSwFlIVZ3EkK9fdHw2RfblUwzflSb4kjVeGf9v2lX9IH+q2RGUovYMR7CVfKMc2y2Db/bZ2b4yiMfOg==",
        "dependencies": {
          "Microsoft.Extensions.DependencyInjection.Abstractions": "9.0.19",
          "Microsoft.Extensions.Primitives": "9.0.19"
        }
      },
      "Microsoft.Extensions.Primitives": {
        "type": "Transitive",
        "resolved": "9.0.19",
        "contentHash": "9hIg8PQiMnpVFIsEHm25Wi1gBrPa2pS1G75uveyDUVLXrNKqBap9WGwQIgO0s6LUgRAOdsSYnbKbNC5b1G5Pcg=="
      },
      "Microsoft.JSInterop": {
        "type": "Transitive",
        "resolved": "9.0.11",
        "contentHash": "5w/W57cXjt8Ugp5COQCsv1R/wt7KzZXjbTqK4AFvgsxqmv1DFJ6OzagzJmwgp6unczFuff6t8wNi+URePV6PYQ=="
      },
      "SQLite": {
        "type": "Transitive",
        "resolved": "3.53.4",
        "contentHash": "KN7jeWqgUPeBRe1FlcpZURzxomuKKEKHmBBQfg+Nx7NkY1LjKhzHvH+3ASkNvhayESE34nMBinL9CV21JfPRJw=="
      },
      "SQLitePCLRaw.config.e_sqlite3": {
        "type": "Transitive",
        "resolved": "3.0.5",
        "contentHash": "aSk8WE5tF2MybESMgtZAEyMVCAWA0nBqOMc48HFoa9UoSdtm3goDXVzNRnefeKIwE6bV9NaNXptn1F9ReMQI0Q==",
        "dependencies": {
          "SQLitePCLRaw.provider.e_sqlite3": "3.0.5"
        }
      },
      "SQLitePCLRaw.core": {
        "type": "Transitive",
        "resolved": "3.0.5",
        "contentHash": "k81AYXXRCw3Zj8rOhyBoCsx/U97KYDFI2CSKr/ijl5BwpsW/hX/4kBiDmerFaoust8nxBwa0IHQFw8MmSHRtnQ=="
      },
      "SQLitePCLRaw.provider.e_sqlite3": {
        "type": "Transitive",
        "resolved": "3.0.5",
        "contentHash": "um8YSWduhhuskTG2bHfZrBqMNQOydfU8pcseT+cu5RivOGyoUbCrGXxgoRNTmRYw2VbMWnEZVVFcneZT/5dsBg==",
        "dependencies": {
          "SQLitePCLRaw.core": "3.0.5"
        }
      },
      "System.Text.Json": {
        "type": "Transitive",
        "resolved": "9.0.19",
        "contentHash": "DjVVcIY/dS/rjb0b42nciHjUc0voQfUtrTos+wC0sgdx0VemTpYhx1jdeHowwFghygJ6QdaytcMHwA8jZ6MHFg=="
      },
      "sharedtools": {
        "type": "Project"
      }
    },
    "net9.0/win-x64": {
      "SQLite": {
        "type": "Transitive",
        "resolved": "3.53.4",
        "contentHash": "KN7jeWqgUPeBRe1FlcpZURzxomuKKEKHmBBQfg+Nx7NkY1LjKhzHvH+3ASkNvhayESE34nMBinL9CV21JfPRJw=="
      }
    }
  }
}