{
  "version": 1,
  "dependencies": {
    "net9.0": {
      "CodeBeam.MudBlazor.Extensions": {
        "type": "Direct",
        "requested": "[8.3.0, )",
        "resolved": "8.3.0",
        "contentHash": "kp42Wmz4UroTbrpb5Ak8U/VYbdxg+35W8gg4Q4SOQMV1GgSWRHfoDf0gXVEEW9Lsx3/wZgzxvGwcs3brhQbZQg==",
        "dependencies": {
          "BuildBundlerMinifier": "3.2.449",
          "Microsoft.AspNetCore.Components": "9.0.11",
          "Microsoft.AspNetCore.Components.Web": "9.0.11",
          "MudBlazor": "8.0.0"
        }
      },
      "HtmlAgilityPack": {
        "type": "Direct",
        "requested": "[1.12.4, )",
        "resolved": "1.12.4",
        "contentHash": "ljqvBabvFwKoLniuoQKO8b5bJfJweKLs4fUNS/V5dsvpo0A8MlJqxxn9XVmP2DaskbUXty6IYaWAi1SArGIMeQ=="
      },
      "LuaCSharp": {
        "type": "Direct",
        "requested": "[0.5.1, )",
        "resolved": "0.5.1",
        "contentHash": "VJ/ibHuMEgsxja+qalzb3szYGhpN7/ZCiJJWw1zBGEb3Xd43MWNrbXSsUMdxJudTdmYaLMe3wjHZjxdw29zbUg=="
      },
      "Microsoft.Extensions.FileProviders.Embedded": {
        "type": "Direct",
        "requested": "[9.0.11, )",
        "resolved": "9.0.11",
        "contentHash": "XIrEYbuRq+mam7ljrxf/S4Ug5taFXDNUVGK+rxqx5qZbM572hLBzeS6ClNGy97kJQC5urlApTv6Xprl+xvp6oA==",
        "dependencies": {
          "Microsoft.Extensions.FileProviders.Abstractions": "9.0.11"
        }
      },
      "Microsoft.NET.ILLink.Tasks": {
        "type": "Direct",
        "requested": "[9.0.11, )",
        "resolved": "9.0.11",
        "contentHash": "vvB9rtDmWaXgYkViT00KORBVmA3pcYsHlgd9vOPqL9sf5bKy3rvLMF1+sI1uUfVj28S3itirHlHmX5/kcpZKNw=="
      },
      "MudBlazor": {
        "type": "Direct",
        "requested": "[8.15.0, )",
        "resolved": "8.15.0",
        "contentHash": "iOJEnQ6tYGQPfPJaUazyC8H6pcczgaMX7vhUzrJPpB0WqEXNozwMfSzoOe2/JZmVWJcUfYZgKBeBU2Z27XY7Sw==",
        "dependencies": {
          "Microsoft.AspNetCore.Components": "9.0.1",
          "Microsoft.AspNetCore.Components.Web": "9.0.1",
          "Microsoft.Extensions.Localization": "9.0.1"
        }
      },
      "MudBlazor.Markdown": {
        "type": "Direct",
        "requested": "[8.11.0, )",
        "resolved": "8.11.0",
        "contentHash": "R36jtzjltldsSB5qbTuEHeHiZgSLJlcPoVp9vMByig0E96Y4uf2MY9lEBjbBSr/B9Lqt9qt6EzTCb9Wd2AN56Q==",
        "dependencies": {
          "Markdig": "0.41.3",
          "MudBlazor": "8.11.0"
        }
      },
      "ReverseMarkdown": {
        "type": "Direct",
        "requested": "[5.0.0, )",
        "resolved": "5.0.0",
        "contentHash": "Zw7ODMO/P8b4ua9qFdsmZPkPmYGCcSfwhKo8+81PCS0e6P21c9sOlYwVJ3MCEWZAGW+CXJBdF3FKtXKWZWzFTg==",
        "dependencies": {
          "HtmlAgilityPack": "1.12.4"
        }
      },
      "BuildBundlerMinifier": {
        "type": "Transitive",
        "resolved": "3.2.449",
        "contentHash": "uA9sYDy4VepL3xwzBTLcP2LyuVYMt0ZIT3gaSiXvGoX15Ob+rOP+hGydhevlSVd+rFo+Y+VQFEHDuWU8HBW+XA=="
      },
      "Markdig": {
        "type": "Transitive",
        "resolved": "0.41.3",
        "contentHash": "i3vSTyGpBGWbJB04aJ3cPJs0T3BV2e1nduW3EUHK/i+xUupYbym75iZPss/XjqhS5JlBErwQYnx7ofK3Zcsozg=="
      },
      "Microsoft.AspNetCore.Authorization": {
        "type": "Transitive",
        "resolved": "9.0.11",
        "contentHash": "VtzQJnpvemh+n4jjMJR+XWiupCWu+Em822orJIFF9jXRfrJET1fBTo6yWqNFnQQKqtvQ3E4Vrjq0N/bHdZR25w==",
        "dependencies": {
          "Microsoft.AspNetCore.Metadata": "9.0.11",
          "Microsoft.Extensions.Logging.Abstractions": "9.0.11",
          "Microsoft.Extensions.Options": "9.0.11"
        }
      },
      "Microsoft.AspNetCore.Components": {
        "type": "Transitive",
        "resolved": "9.0.11",
        "contentHash": "HIMOsBnuhcTNWBnCyugRHVgrh4iYfIM2Hl+8+8SQ6wrEIk+I2fUKa8USwV8XaMvZsjyJD7fPHaldAPoR9BNAVA==",
        "dependencies": {
          "Microsoft.AspNetCore.Authorization": "9.0.11",
          "Microsoft.AspNetCore.Components.Analyzers": "9.0.11"
        }
      },
      "Microsoft.AspNetCore.Components.Analyzers": {
        "type": "Transitive",
        "resolved": "9.0.11",
        "contentHash": "7345cqEUev15rfdBeoBmYtUFrdHyYP/FVUbva3Q66eFTT0UuaykqWPtHmnv8R8GJZ9xntMxKhmqhySZTnth7sQ=="
      },
      "Microsoft.AspNetCore.Components.Forms": {
        "type": "Transitive",
        "resolved": "9.0.11",
        "contentHash": "emoJb7TUrOy27stNXcXv+WsyItn0Qhe4gMcZHtfIfcnErRjN2YOotCAKWezBeKvYWqaV28qsDpjxvjjcANxZGw==",
        "dependencies": {
          "Microsoft.AspNetCore.Components": "9.0.11"
        }
      },
      "Microsoft.AspNetCore.Components.Web": {
        "type": "Transitive",
        "resolved": "9.0.11",
        "contentHash": "wU9oVKqHfP4euIpRiRHLVkmhjFXctOvRDHOMUdBRnUErUua+fE6KsIRuBvUKla6tIql9sS58wbETZnjZpnX0lw==",
        "dependencies": {
          "Microsoft.AspNetCore.Components": "9.0.11",
          "Microsoft.AspNetCore.Components.Forms": "9.0.11",
          "Microsoft.Extensions.DependencyInjection": "9.0.11",
          "Microsoft.Extensions.Primitives": "9.0.11",
          "Microsoft.JSInterop": "9.0.11"
        }
      },
      "Microsoft.AspNetCore.Metadata": {
        "type": "Transitive",
        "resolved": "9.0.11",
        "contentHash": "O0HzG5utNH6ihO632k0nHFZa8iNDmGphdgWWqeDSdN/T9n0ZOXlA5+q77DxY3nHTjNfA0KMfpykIhEI+Wmzosg=="
      },
      "Microsoft.Extensions.DependencyInjection": {
        "type": "Transitive",
        "resolved": "9.0.11",
        "contentHash": "UquyDzvz0EneIQrrU67GJkIgynS+VD7t+RDtNv6VgKMOFrLBjldn6hzlXppGGecFMvAkMTqn4T8RYvzw7j7fQA==",
        "dependencies": {
          "Microsoft.Extensions.DependencyInjection.Abstractions": "9.0.11"
        }
      },
      "Microsoft.Extensions.DependencyInjection.Abstractions": {
        "type": "Transitive",
        "resolved": "9.0.11",
        "contentHash": "+ZxxZzcVU+IEzq12GItUzf/V3mEc5nSLiXijwvDc4zyhbjvSZZ043giSZqGnhakrjwRWjkerIHPrRwm9okEIpw=="
      },
      "Microsoft.Extensions.FileProviders.Abstractions": {
        "type": "Transitive",
        "resolved": "9.0.11",
        "contentHash": "YEPsXWcoNde6J6W/MMjIuNQMPkKTL4NS0AJ1rsAt48+GuJYoZU+Mi4T8PwyzYGDLxhUsH3Wa32DlbKtDkzT40A==",
        "dependencies": {
          "Microsoft.Extensions.Primitives": "9.0.11"
        }
      },
      "Microsoft.Extensions.Localization": {
        "type": "Transitive",
        "resolved": "9.0.1",
        "contentHash": "UgvX4Yb2T3tEsKT30ktZr0H7kTRPapCgEH0bdTwxiEGSdA39/hAQMvvb+vgHpqmevDU5+puyI9ujRkmmbF946w==",
        "dependencies": {
          "Microsoft.Extensions.DependencyInjection.Abstractions": "9.0.1",
          "Microsoft.Extensions.Localization.Abstractions": "9.0.1",
          "Microsoft.Extensions.Logging.Abstractions": "9.0.1",
          "Microsoft.Extensions.Options": "9.0.1"
        }
      },
      "Microsoft.Extensions.Localization.Abstractions": {
        "type": "Transitive",
        "resolved": "9.0.1",
        "contentHash": "CABog43lyaZQMjmlktuImCy6zmAzRBaXqN81uPaMQjlp//ISDVYItZPh6KWpWRF4MY/B67X5oDc3JTUpfdocZw=="
      },
      "Microsoft.Extensions.Logging.Abstractions": {
        "type": "Transitive",
        "resolved": "9.0.11",
        "contentHash": "UKWFTDwtZQIoypyt1YPVsxTnDK+0sKn26+UeSGeNlkRQddrkt9EC6kP4g94rgO/WOZkz94bKNlF1dVZN3QfPFQ==",
        "dependencies": {
          "Microsoft.Extensions.DependencyInjection.Abstractions": "9.0.11"
        }
      },
      "Microsoft.Extensions.Options": {
        "type": "Transitive",
        "resolved": "9.0.11",
        "contentHash": "HX4M3BLkW1dtByMKHDVq6r7Jy6e4hf8NDzHpIgz7C8BtYk9JQHhfYX5c1UheQTD5Veg1yBhz/cD9C8vtrGrk9w==",
        "dependencies": {
          "Microsoft.Extensions.DependencyInjection.Abstractions": "9.0.11",
          "Microsoft.Extensions.Primitives": "9.0.11"
        }
      },
      "Microsoft.Extensions.Primitives": {
        "type": "Transitive",
        "resolved": "9.0.11",
        "contentHash": "rtUNSIhbQTv8iSBTFvtg2b/ZUkoqC9qAH9DdC2hr+xPpoZrxiCITci9UR/ELUGUGnGUrF8Xye+tGVRhCxE+4LA=="
      },
      "Microsoft.JSInterop": {
        "type": "Transitive",
        "resolved": "9.0.11",
        "contentHash": "5w/W57cXjt8Ugp5COQCsv1R/wt7KzZXjbTqK4AFvgsxqmv1DFJ6OzagzJmwgp6unczFuff6t8wNi+URePV6PYQ=="
      },
      "sharedtools": {
        "type": "Project"
      }
    },
    "net9.0/osx-arm64": {}
  }
}