{
  "version": 1,
  "dependencies": {
    "net9.0": {
      "CodeBeam.MudBlazor.Extensions": {
        "type": "Direct",
        "requested": "[8.2.4, )",
        "resolved": "8.2.4",
        "contentHash": "IaQoIcREfkHq8VUxFDZQrK69blNw+0FwTjC8JGHhhSGugJZ3UFOjhpYYAhiU/1Eue3PXySLXzJFXzsD/hIArVw==",
        "dependencies": {
          "BuildBundlerMinifier": "3.2.449",
          "CsvHelper": "33.0.1",
          "Microsoft.AspNetCore.Components": "9.0.7",
          "Microsoft.AspNetCore.Components.Web": "9.0.7",
          "MudBlazor": "8.0.0",
          "ZXing.Net": "0.16.9"
        }
      },
      "HtmlAgilityPack": {
        "type": "Direct",
        "requested": "[1.12.2, )",
        "resolved": "1.12.2",
        "contentHash": "btF/9sB65h0V9ipZxVfEQ9fxDwXSFRwhi4Z1qFBgnXONqWVKZE3LxS0JEMW73G3gvrFI7/IAqLA1y/15HDa3fw=="
      },
      "LuaCSharp": {
        "type": "Direct",
        "requested": "[0.4.2, )",
        "resolved": "0.4.2",
        "contentHash": "wS0hp7EFx+llJ/U/7Ykz4FSmQf8DH4mNejwo5/h1KuFyguzGZbKhTO22X54pXnuqa5cIKfEfQ29dluHHnCX05Q=="
      },
      "Microsoft.Extensions.FileProviders.Embedded": {
        "type": "Direct",
        "requested": "[9.0.8, )",
        "resolved": "9.0.8",
        "contentHash": "LVm1o08C5eSB+WvhOEtp/cm/I3s7bCoYisTBYKgR3KEfHXkKfvkLPXfg4CNHYkxPqZ4T/XuGENDLtbhDywGFHA==",
        "dependencies": {
          "Microsoft.Extensions.FileProviders.Abstractions": "9.0.8"
        }
      },
      "Microsoft.NET.ILLink.Tasks": {
        "type": "Direct",
        "requested": "[9.0.8, )",
        "resolved": "9.0.8",
        "contentHash": "rd1CbIsMtVPtZNTIVD6Xydue//klYOOQIDpRgu3BHtv17AlpRs74/6QFbcYgMm/jL+naVU2T3OFLxVSLV5lQLQ=="
      },
      "MudBlazor": {
        "type": "Direct",
        "requested": "[8.11.0, )",
        "resolved": "8.11.0",
        "contentHash": "WeQTp5l7yYMxFrXlmI51bfIYv4LsFl/ClNruNdJBumG+ods1RkX61gFhlcv3XLmg4EMs5w6a+WqTWCwolYXg7A==",
        "dependencies": {
          "Microsoft.AspNetCore.Components": "9.0.1",
          "Microsoft.AspNetCore.Components.Web": "9.0.1",
          "Microsoft.Extensions.Localization": "9.0.1"
        }
      },
      "MudBlazor.Markdown": {
        "type": "Direct",
        "requested": "[8.11.0, )",
        "resolved": "8.11.0",
        "contentHash": "R36jtzjltldsSB5qbTuEHeHiZgSLJlcPoVp9vMByig0E96Y4uf2MY9lEBjbBSr/B9Lqt9qt6EzTCb9Wd2AN56Q==",
        "dependencies": {
          "Markdig": "0.41.3",
          "MudBlazor": "8.11.0"
        }
      },
      "ReverseMarkdown": {
        "type": "Direct",
        "requested": "[4.7.0, )",
        "resolved": "4.7.0",
        "contentHash": "RM5i+RoCG+9Vc897SyjGe2qQ6FRYitU+JFjc4ZAQWQCN/8R1uOSO4B8DdAtBEtRhJcZfIEIqshe2MoLDChyExw==",
        "dependencies": {
          "HtmlAgilityPack": "1.12.1"
        }
      },
      "BuildBundlerMinifier": {
        "type": "Transitive",
        "resolved": "3.2.449",
        "contentHash": "uA9sYDy4VepL3xwzBTLcP2LyuVYMt0ZIT3gaSiXvGoX15Ob+rOP+hGydhevlSVd+rFo+Y+VQFEHDuWU8HBW+XA=="
      },
      "CsvHelper": {
        "type": "Transitive",
        "resolved": "33.0.1",
        "contentHash": "fev4lynklAU2A9GVMLtwarkwaanjSYB4wUqO2nOJX5hnzObORzUqVLe+bDYCUyIIRQM4o5Bsq3CcyJR89iMmEQ=="
      },
      "Markdig": {
        "type": "Transitive",
        "resolved": "0.41.3",
        "contentHash": "i3vSTyGpBGWbJB04aJ3cPJs0T3BV2e1nduW3EUHK/i+xUupYbym75iZPss/XjqhS5JlBErwQYnx7ofK3Zcsozg=="
      },
      "Microsoft.AspNetCore.Authorization": {
        "type": "Transitive",
        "resolved": "9.0.7",
        "contentHash": "P0Gej6X5cEoK+sS9XpgYSzg0Nz8OOlvfQb12aOAJW/P4b9nAzLQCVoNp1GDyR/P8eMSnoPARiKPaa6q51iR0oA==",
        "dependencies": {
          "Microsoft.AspNetCore.Metadata": "9.0.7",
          "Microsoft.Extensions.Logging.Abstractions": "9.0.7",
          "Microsoft.Extensions.Options": "9.0.7"
        }
      },
      "Microsoft.AspNetCore.Components": {
        "type": "Transitive",
        "resolved": "9.0.7",
        "contentHash": "cZpVsxWWGagoP2U6Kjqm107gVZHTmiM2m7YDNRsScTWoBB1iyEIznvYG9ZK4XkDY4yDUTdnZrXRMMVu8K7dJ8Q==",
        "dependencies": {
          "Microsoft.AspNetCore.Authorization": "9.0.7",
          "Microsoft.AspNetCore.Components.Analyzers": "9.0.7"
        }
      },
      "Microsoft.AspNetCore.Components.Analyzers": {
        "type": "Transitive",
        "resolved": "9.0.7",
        "contentHash": "SlMcfUJHFxjIFAecPY55in8u93AZo5NQrRlPY3hKrSsLEgyjjtZGzWIn+F9RluHw5wRct/QFRCt2sQwEhn8qtA=="
      },
      "Microsoft.AspNetCore.Components.Forms": {
        "type": "Transitive",
        "resolved": "9.0.7",
        "contentHash": "ecnFWXV/ClmBfkevmalj1e1+T00AkihOyK8yQdKOwKmibraYphyup4BdOLP7v17PNVF4d5njsoHmFtVBvYpsJg==",
        "dependencies": {
          "Microsoft.AspNetCore.Components": "9.0.7"
        }
      },
      "Microsoft.AspNetCore.Components.Web": {
        "type": "Transitive",
        "resolved": "9.0.7",
        "contentHash": "fP+WmahEXWgCTgL/aRo/y75v1nni8E8WfbpkbWOeMBk2UdQORqQbFPIkttu8JPYVACDfVYgEDKIDtVqEY9Akkg==",
        "dependencies": {
          "Microsoft.AspNetCore.Components": "9.0.7",
          "Microsoft.AspNetCore.Components.Forms": "9.0.7",
          "Microsoft.Extensions.DependencyInjection": "9.0.7",
          "Microsoft.Extensions.Primitives": "9.0.7",
          "Microsoft.JSInterop": "9.0.7"
        }
      },
      "Microsoft.AspNetCore.Metadata": {
        "type": "Transitive",
        "resolved": "9.0.7",
        "contentHash": "bM2x5yps2P6eXqFkR5ztKX7QRGGqJ4Vy5PxVdR7ADjYPNmMhrD57r8d9H++hpljk9sdjKI3Sppd7NZyA721nEA=="
      },
      "Microsoft.Extensions.DependencyInjection": {
        "type": "Transitive",
        "resolved": "9.0.7",
        "contentHash": "i05AYA91vgq0as84ROVCyltD2gnxaba/f1Qw2rG7mUsS0gv8cPTr1Gm7jPQHq7JTr4MJoQUcanLVs16tIOUJaQ==",
        "dependencies": {
          "Microsoft.Extensions.DependencyInjection.Abstractions": "9.0.7"
        }
      },
      "Microsoft.Extensions.DependencyInjection.Abstractions": {
        "type": "Transitive",
        "resolved": "9.0.7",
        "contentHash": "iPK1FxbGFr2Xb+4Y+dTYI8Gupu9pOi8I3JPuPsrogUmEhe2hzZ9LpCmolMEBhVDo2ikcSr7G5zYiwaapHSQTew=="
      },
      "Microsoft.Extensions.FileProviders.Abstractions": {
        "type": "Transitive",
        "resolved": "9.0.8",
        "contentHash": "4zZbQ4w+hCMm9J+z5NOj3giIPT2MhZxx05HX/MGuAmDBbjOuXlYIIRN+t4V6OLxy5nXZIcXO+dQMB/OWubuDkw==",
        "dependencies": {
          "Microsoft.Extensions.Primitives": "9.0.8"
        }
      },
      "Microsoft.Extensions.Localization": {
        "type": "Transitive",
        "resolved": "9.0.1",
        "contentHash": "UgvX4Yb2T3tEsKT30ktZr0H7kTRPapCgEH0bdTwxiEGSdA39/hAQMvvb+vgHpqmevDU5+puyI9ujRkmmbF946w==",
        "dependencies": {
          "Microsoft.Extensions.DependencyInjection.Abstractions": "9.0.1",
          "Microsoft.Extensions.Localization.Abstractions": "9.0.1",
          "Microsoft.Extensions.Logging.Abstractions": "9.0.1",
          "Microsoft.Extensions.Options": "9.0.1"
        }
      },
      "Microsoft.Extensions.Localization.Abstractions": {
        "type": "Transitive",
        "resolved": "9.0.1",
        "contentHash": "CABog43lyaZQMjmlktuImCy6zmAzRBaXqN81uPaMQjlp//ISDVYItZPh6KWpWRF4MY/B67X5oDc3JTUpfdocZw=="
      },
      "Microsoft.Extensions.Logging.Abstractions": {
        "type": "Transitive",
        "resolved": "9.0.7",
        "contentHash": "sMM6NEAdUTE/elJ2wqjOi0iBWqZmSyaTByLF9e8XHv6DRJFFnOe0N+s8Uc6C91E4SboQCfLswaBIZ+9ZXA98AA==",
        "dependencies": {
          "Microsoft.Extensions.DependencyInjection.Abstractions": "9.0.7"
        }
      },
      "Microsoft.Extensions.Options": {
        "type": "Transitive",
        "resolved": "9.0.7",
        "contentHash": "trJnF6cRWgR5uMmHpGoHmM1wOVFdIYlELlkO9zX+RfieK0321Y55zrcs4AaEymKup7dxgEN/uJU25CAcMNQRXw==",
        "dependencies": {
          "Microsoft.Extensions.DependencyInjection.Abstractions": "9.0.7",
          "Microsoft.Extensions.Primitives": "9.0.7"
        }
      },
      "Microsoft.Extensions.Primitives": {
        "type": "Transitive",
        "resolved": "9.0.8",
        "contentHash": "tizSIOEsIgSNSSh+hKeUVPK7xmTIjR8s+mJWOu1KXV3htvNQiPMFRMO17OdI1y/4ZApdBVk49u/08QGC9yvLug=="
      },
      "Microsoft.JSInterop": {
        "type": "Transitive",
        "resolved": "9.0.7",
        "contentHash": "+FFcgE9nFf/M/8sSJPzKnGFkALO5Q3mCdljpsxe/ZFRt6bqMcImv8d74HgMamOauhmVlC7MU9GmnbblF9CpNlQ=="
      },
      "ZXing.Net": {
        "type": "Transitive",
        "resolved": "0.16.9",
        "contentHash": "7WaVMHklpT3Ye2ragqRIwlFRsb6kOk63BOGADV0fan3ulVfGLUYkDi5yNUsZS/7FVNkWbtHAlDLmu4WnHGfqvQ=="
      },
      "sharedtools": {
        "type": "Project"
      }
    },
    "net9.0/osx-arm64": {}
  }
}